
Microsoft Visual Studio Solution File, Format Version 12.00
# Visual Studio Version 17
VisualStudioVersion = 17.0.31903.59
MinimumVisualStudioVersion = 10.0.40219.1
Project("{FAE04EC0-301F-11D3-BF4B-00C04F79EFBC}") = "Solver", "Solver\Solver.csproj", "{CC80B3FA-8B64-4F56-A5A3-E90DB8385DB2}"
EndProject
Project("{FAE04EC0-301F-11D3-BF4B-00C04F79EFBC}") = "SolverTests", "SolverTests\SolverTests.csproj", "{C067E219-FB18-4E79-9FE9-547ADEDE4362}"
EndProject
Global
	GlobalSection(SolutionConfigurationPlatforms) = preSolution
		Debug|Any CPU = Debug|Any CPU
		Release|Any CPU = Release|Any CPU
	EndGlobalSection
	GlobalSection(SolutionProperties) = preSolution
		HideSolutionNode = FALSE
	EndGlobalSection
	GlobalSection(ProjectConfigurationPlatforms) = postSolution
		{CC80B3FA-8B64-4F56-A5A3-E90DB8385DB2}.Debug|Any CPU.ActiveCfg = Debug|Any CPU
		{CC80B3FA-8B64-4F56-A5A3-E90DB8385DB2}.Debug|Any CPU.Build.0 = Debug|Any CPU
		{CC80B3FA-8B64-4F56-A5A3-E90DB8385DB2}.Release|Any CPU.ActiveCfg = Release|Any CPU
		{CC80B3FA-8B64-4F56-A5A3-E90DB8385DB2}.Release|Any CPU.Build.0 = Release|Any CPU
		{C067E219-FB18-4E79-9FE9-547ADEDE4362}.Debug|Any CPU.ActiveCfg = Debug|Any CPU
		{C067E219-FB18-4E79-9FE9-547ADEDE4362}.Debug|Any CPU.Build.0 = Debug|Any CPU
		{C067E219-FB18-4E79-9FE9-547ADEDE4362}.Release|Any CPU.ActiveCfg = Release|Any CPU
		{C067E219-FB18-4E79-9FE9-547ADEDE4362}.Release|Any CPU.Build.0 = Release|Any CPU
	EndGlobalSection
EndGlobal
