
Microsoft Visual Studio Solution File, Format Version 12.00
# Visual Studio Version 17
VisualStudioVersion = 17.0.31903.59
MinimumVisualStudioVersion = 10.0.40219.1
Project("{FAE04EC0-301F-11D3-BF4B-00C04F79EFBC}") = "Solver", "Solver\Solver.csproj", "{5DB0AEA4-C91C-4B3D-A7E3-961BDD11397F}"
EndProject
Project("{FAE04EC0-301F-11D3-BF4B-00C04F79EFBC}") = "Solver.Tests", "Solver.Tests\Solver.Tests.csproj", "{40902A15-FC51-41CB-A441-477C66A395E4}"
EndProject
Global
	GlobalSection(SolutionConfigurationPlatforms) = preSolution
		Debug|Any CPU = Debug|Any CPU
		Release|Any CPU = Release|Any CPU
	EndGlobalSection
	GlobalSection(SolutionProperties) = preSolution
		HideSolutionNode = FALSE
	EndGlobalSection
	GlobalSection(ProjectConfigurationPlatforms) = postSolution
		{5DB0AEA4-C91C-4B3D-A7E3-961BDD11397F}.Debug|Any CPU.ActiveCfg = Debug|Any CPU
		{5DB0AEA4-C91C-4B3D-A7E3-961BDD11397F}.Debug|Any CPU.Build.0 = Debug|Any CPU
		{5DB0AEA4-C91C-4B3D-A7E3-961BDD11397F}.Release|Any CPU.ActiveCfg = Release|Any CPU
		{5DB0AEA4-C91C-4B3D-A7E3-961BDD11397F}.Release|Any CPU.Build.0 = Release|Any CPU
		{40902A15-FC51-41CB-A441-477C66A395E4}.Debug|Any CPU.ActiveCfg = Debug|Any CPU
		{40902A15-FC51-41CB-A441-477C66A395E4}.Debug|Any CPU.Build.0 = Debug|Any CPU
		{40902A15-FC51-41CB-A441-477C66A395E4}.Release|Any CPU.ActiveCfg = Release|Any CPU
		{40902A15-FC51-41CB-A441-477C66A395E4}.Release|Any CPU.Build.0 = Release|Any CPU
	EndGlobalSection
EndGlobal
