
Microsoft Visual Studio Solution File, Format Version 12.00
# Visual Studio Version 17
VisualStudioVersion = 17.0.31903.59
MinimumVisualStudioVersion = 10.0.40219.1
Project("{FAE04EC0-301F-11D3-BF4B-00C04F79EFBC}") = "Solver", "Solver\Solver.csproj", "{989CEC8E-BF56-4F8C-A933-3D3BE7A0FCAE}"
EndProject
Project("{FAE04EC0-301F-11D3-BF4B-00C04F79EFBC}") = "SolverTests", "SolverTests\SolverTests.csproj", "{0F5B32B7-13D2-4C4E-8039-BE466A14A1D5}"
EndProject
Global
	GlobalSection(SolutionConfigurationPlatforms) = preSolution
		Debug|Any CPU = Debug|Any CPU
		Release|Any CPU = Release|Any CPU
	EndGlobalSection
	GlobalSection(SolutionProperties) = preSolution
		HideSolutionNode = FALSE
	EndGlobalSection
	GlobalSection(ProjectConfigurationPlatforms) = postSolution
		{989CEC8E-BF56-4F8C-A933-3D3BE7A0FCAE}.Debug|Any CPU.ActiveCfg = Debug|Any CPU
		{989CEC8E-BF56-4F8C-A933-3D3BE7A0FCAE}.Debug|Any CPU.Build.0 = Debug|Any CPU
		{989CEC8E-BF56-4F8C-A933-3D3BE7A0FCAE}.Release|Any CPU.ActiveCfg = Release|Any CPU
		{989CEC8E-BF56-4F8C-A933-3D3BE7A0FCAE}.Release|Any CPU.Build.0 = Release|Any CPU
		{0F5B32B7-13D2-4C4E-8039-BE466A14A1D5}.Debug|Any CPU.ActiveCfg = Debug|Any CPU
		{0F5B32B7-13D2-4C4E-8039-BE466A14A1D5}.Debug|Any CPU.Build.0 = Debug|Any CPU
		{0F5B32B7-13D2-4C4E-8039-BE466A14A1D5}.Release|Any CPU.ActiveCfg = Release|Any CPU
		{0F5B32B7-13D2-4C4E-8039-BE466A14A1D5}.Release|Any CPU.Build.0 = Release|Any CPU
	EndGlobalSection
EndGlobal
