
Microsoft Visual Studio Solution File, Format Version 12.00
# Visual Studio Version 17
VisualStudioVersion = 17.0.31903.59
MinimumVisualStudioVersion = 10.0.40219.1
Project("{FAE04EC0-301F-11D3-BF4B-00C04F79EFBC}") = "Solver.Tests", "Solver.Tests\Solver.Tests.csproj", "{1446F312-387F-4A8F-BB4D-DE9689B3352E}"
EndProject
Project("{FAE04EC0-301F-11D3-BF4B-00C04F79EFBC}") = "Solver", "Solver\Solver.csproj", "{B053E238-64D4-476F-A324-716F8098BEF5}"
EndProject
Global
	GlobalSection(SolutionConfigurationPlatforms) = preSolution
		Debug|Any CPU = Debug|Any CPU
		Release|Any CPU = Release|Any CPU
	EndGlobalSection
	GlobalSection(SolutionProperties) = preSolution
		HideSolutionNode = FALSE
	EndGlobalSection
	GlobalSection(ProjectConfigurationPlatforms) = postSolution
		{1446F312-387F-4A8F-BB4D-DE9689B3352E}.Debug|Any CPU.ActiveCfg = Debug|Any CPU
		{1446F312-387F-4A8F-BB4D-DE9689B3352E}.Debug|Any CPU.Build.0 = Debug|Any CPU
		{1446F312-387F-4A8F-BB4D-DE9689B3352E}.Release|Any CPU.ActiveCfg = Release|Any CPU
		{1446F312-387F-4A8F-BB4D-DE9689B3352E}.Release|Any CPU.Build.0 = Release|Any CPU
		{B053E238-64D4-476F-A324-716F8098BEF5}.Debug|Any CPU.ActiveCfg = Debug|Any CPU
		{B053E238-64D4-476F-A324-716F8098BEF5}.Debug|Any CPU.Build.0 = Debug|Any CPU
		{B053E238-64D4-476F-A324-716F8098BEF5}.Release|Any CPU.ActiveCfg = Release|Any CPU
		{B053E238-64D4-476F-A324-716F8098BEF5}.Release|Any CPU.Build.0 = Release|Any CPU
	EndGlobalSection
EndGlobal
